
Microsoft Visual Studio Solution File, Format Version 10.00
# Visual Studio 2008
Project("{FAE04EC0-301F-11D3-BF4B-00C04F79EFBC}") = "GUI", "GUI.csproj", "{2B647645-B3E1-4B4E-A1E8-FF9CB3E4102F}"
EndProject
Project("{FAE04EC0-301F-11D3-BF4B-00C04F79EFBC}") = "Control", "..\Control\Control.csproj", "{28DD7E2A-8125-4FF1-9F31-230755858CE3}"
EndProject
Global
	GlobalSection(SolutionConfigurationPlatforms) = preSolution
		Debug|Any CPU = Debug|Any CPU
		Release|Any CPU = Release|Any CPU
	EndGlobalSection
	GlobalSection(ProjectConfigurationPlatforms) = postSolution
		{2B647645-B3E1-4B4E-A1E8-FF9CB3E4102F}.Debug|Any CPU.ActiveCfg = Debug|Any CPU
		{2B647645-B3E1-4B4E-A1E8-FF9CB3E4102F}.Debug|Any CPU.Build.0 = Debug|Any CPU
		{2B647645-B3E1-4B4E-A1E8-FF9CB3E4102F}.Release|Any CPU.ActiveCfg = Release|Any CPU
		{2B647645-B3E1-4B4E-A1E8-FF9CB3E4102F}.Release|Any CPU.Build.0 = Release|Any CPU
		{28DD7E2A-8125-4FF1-9F31-230755858CE3}.Debug|Any CPU.ActiveCfg = Debug|Any CPU
		{28DD7E2A-8125-4FF1-9F31-230755858CE3}.Debug|Any CPU.Build.0 = Debug|Any CPU
		{28DD7E2A-8125-4FF1-9F31-230755858CE3}.Release|Any CPU.ActiveCfg = Release|Any CPU
		{28DD7E2A-8125-4FF1-9F31-230755858CE3}.Release|Any CPU.Build.0 = Release|Any CPU
	EndGlobalSection
	GlobalSection(SolutionProperties) = preSolution
		HideSolutionNode = FALSE
	EndGlobalSection
EndGlobal
